{
  "name": "trumbow",
  "version": "1.0.0",
  "lockfileVersion": 1,
  "requires": true,
  "dependencies": {
    "trumbowyg": {
      "version": "2.8.1",
      "resolved": "https://registry.npmjs.org/trumbowyg/-/trumbowyg-2.8.1.tgz",
      "integrity": "sha512-7tIFTOTz9dFboQVDv6wYezFWUOhmZuYa6A4/A46ts70Z6urLQUkEHfeE3SxHbKoQS9Z3JFurGNuw+w/PqS4ltA=="
    }
  }
}
